PODS:
  - BXForm (0.1.3):
    - BXiOSUtils
    - BXModel
    - PinAuto
    - PinAutoLayout
  - BXiOSUtils (0.1.5)
  - BXModel (0.2.1):
    - SwiftyJSON
  - PinAuto (1.2)
  - PinAutoLayout (1.1.0)
  - SwiftyJSON (2.3.2)

DEPENDENCIES:
  - BXForm (from `../`)

EXTERNAL SOURCES:
  BXForm:
    :path: ../

SPEC CHECKSUMS:
  BXForm: 13de7b2f74c608980d99dc79f7e1e4d7d08c16be
  BXiOSUtils: 00299e153728076d5ffe5813dd855fc0c823ca52
  BXModel: dd06e85b7ca3f5a7415f992023cdf984a292bd56
  PinAuto: 0184951a80225a5aa1bec80aaa0f2e3102a1dda9
  PinAutoLayout: 9d0863eed45d1d6277aa663c8a32b77b03a16bf1
  SwiftyJSON: 04ccea08915aa0109039157c7974cf0298da292a

PODFILE CHECKSUM: d8cfadb9a83149467cca979835ca63a0ad60fde6

COCOAPODS: 1.0.0.beta.3
